
Microsoft Visual Studio Solution File, Format Version 12.00
# Visual Studio Version 17
VisualStudioVersion = 17.7.34202.233
MinimumVisualStudioVersion = 10.0.40219.1
Project("{888888A0-9F3D-457C-B088-3A5042F75D52}") = "Kurvendiskussion", "Kurvendiskussion.pyproj", "{C65634A8-60D0-4A72-9E15-9302C82907D8}"
EndProject
Global
	GlobalSection(SolutionConfigurationPlatforms) = preSolution
		Debug|Any CPU = Debug|Any CPU
		Release|Any CPU = Release|Any CPU
	EndGlobalSection
	GlobalSection(ProjectConfigurationPlatforms) = postSolution
		{C65634A8-60D0-4A72-9E15-9302C82907D8}.Debug|Any CPU.ActiveCfg = Debug|Any CPU
		{C65634A8-60D0-4A72-9E15-9302C82907D8}.Release|Any CPU.ActiveCfg = Release|Any CPU
	EndGlobalSection
	GlobalSection(SolutionProperties) = preSolution
		HideSolutionNode = FALSE
	EndGlobalSection
	GlobalSection(ExtensibilityGlobals) = postSolution
		SolutionGuid = {A3773E2E-C99D-4988-88AB-69DD0F0FD234}
	EndGlobalSection
EndGlobal
