
Microsoft Visual Studio Solution File, Format Version 12.00
# Visual Studio Version 17
VisualStudioVersion = 17.6.33829.357
MinimumVisualStudioVersion = 10.0.40219.1
Project("{888888A0-9F3D-457C-B088-3A5042F75D52}") = "LateinischeDeklination", "LateinischeDeklination.pyproj", "{F5684CE3-7A1C-4B0E-80D1-C84C13071B0D}"
EndProject
Global
	GlobalSection(SolutionConfigurationPlatforms) = preSolution
		Debug|Any CPU = Debug|Any CPU
		Release|Any CPU = Release|Any CPU
	EndGlobalSection
	GlobalSection(ProjectConfigurationPlatforms) = postSolution
		{F5684CE3-7A1C-4B0E-80D1-C84C13071B0D}.Debug|Any CPU.ActiveCfg = Debug|Any CPU
		{F5684CE3-7A1C-4B0E-80D1-C84C13071B0D}.Release|Any CPU.ActiveCfg = Release|Any CPU
	EndGlobalSection
	GlobalSection(SolutionProperties) = preSolution
		HideSolutionNode = FALSE
	EndGlobalSection
	GlobalSection(ExtensibilityGlobals) = postSolution
		SolutionGuid = {A3C3D0CF-BA8D-4188-A545-43C7E8BC1EE4}
	EndGlobalSection
EndGlobal
